
Microsoft Visual Studio Solution File, Format Version 12.00
# Visual Studio Version 17
VisualStudioVersion = 17.5.33424.131
MinimumVisualStudioVersion = 10.0.40219.1
Project("{9A19103F-16F7-4668-BE54-9A1E7A4F7556}") = "DAL", "DAL\DAL.csproj", "{16F8F044-7357-4C11-92B8-CD9857483FED}"
EndProject
Project("{9A19103F-16F7-4668-BE54-9A1E7A4F7556}") = "BLL", "BLL\BLL.csproj", "{BA033D3B-6D1A-4A77-AC64-78DE19943EE2}"
EndProject
Project("{9A19103F-16F7-4668-BE54-9A1E7A4F7556}") = "UI", "UI\UI.csproj", "{DABDDEAC-1785-4764-97F7-30E2A9230D4A}"
EndProject
Project("{2150E333-8FDC-42A3-9474-1A3956D46DE8}") = "Solution Items", "Solution Items", "{9B79A5EB-2B0B-4379-8A8A-2D8E6161C1E4}"
	ProjectSection(SolutionItems) = preProject
		error.txt = error.txt
	EndProjectSection
EndProject
Global
	GlobalSection(SolutionConfigurationPlatforms) = preSolution
		Debug|Any CPU = Debug|Any CPU
		Release|Any CPU = Release|Any CPU
	EndGlobalSection
	GlobalSection(ProjectConfigurationPlatforms) = postSolution
		{16F8F044-7357-4C11-92B8-CD9857483FED}.Debug|Any CPU.ActiveCfg = Debug|Any CPU
		{16F8F044-7357-4C11-92B8-CD9857483FED}.Debug|Any CPU.Build.0 = Debug|Any CPU
		{16F8F044-7357-4C11-92B8-CD9857483FED}.Release|Any CPU.ActiveCfg = Release|Any CPU
		{16F8F044-7357-4C11-92B8-CD9857483FED}.Release|Any CPU.Build.0 = Release|Any CPU
		{BA033D3B-6D1A-4A77-AC64-78DE19943EE2}.Debug|Any CPU.ActiveCfg = Debug|Any CPU
		{BA033D3B-6D1A-4A77-AC64-78DE19943EE2}.Debug|Any CPU.Build.0 = Debug|Any CPU
		{BA033D3B-6D1A-4A77-AC64-78DE19943EE2}.Release|Any CPU.ActiveCfg = Release|Any CPU
		{BA033D3B-6D1A-4A77-AC64-78DE19943EE2}.Release|Any CPU.Build.0 = Release|Any CPU
		{DABDDEAC-1785-4764-97F7-30E2A9230D4A}.Debug|Any CPU.ActiveCfg = Debug|Any CPU
		{DABDDEAC-1785-4764-97F7-30E2A9230D4A}.Debug|Any CPU.Build.0 = Debug|Any CPU
		{DABDDEAC-1785-4764-97F7-30E2A9230D4A}.Release|Any CPU.ActiveCfg = Release|Any CPU
		{DABDDEAC-1785-4764-97F7-30E2A9230D4A}.Release|Any CPU.Build.0 = Release|Any CPU
	EndGlobalSection
	GlobalSection(SolutionProperties) = preSolution
		HideSolutionNode = FALSE
	EndGlobalSection
	GlobalSection(ExtensibilityGlobals) = postSolution
		SolutionGuid = {6CB5E701-B396-4191-AF74-4C971EE4CF19}
	EndGlobalSection
EndGlobal
